
Microsoft Visual Studio Solution File, Format Version 12.00
# Visual Studio Version 17
VisualStudioVersion = 17.4.33213.308
MinimumVisualStudioVersion = 10.0.40219.1
Project("{FAE04EC0-301F-11D3-BF4B-00C04F79EFBC}") = "WindowsFormsApp1", "WindowsFormsApp1\WindowsFormsApp1.csproj", "{D3F90F6E-3250-4EC2-AC06-F6D8A4B193D2}"
EndProject
Project("{54435603-DBB4-11D2-8724-00A0C9A8B90C}") = "Setup", "Setup\Setup.vdproj", "{6EE1647C-5C13-4C39-81E3-4DC8554DCACC}"
EndProject
Global
	GlobalSection(SolutionConfigurationPlatforms) = preSolution
		Debug|Any CPU = Debug|Any CPU
		Release|Any CPU = Release|Any CPU
	EndGlobalSection
	GlobalSection(ProjectConfigurationPlatforms) = postSolution
		{D3F90F6E-3250-4EC2-AC06-F6D8A4B193D2}.Debug|Any CPU.ActiveCfg = Debug|Any CPU
		{D3F90F6E-3250-4EC2-AC06-F6D8A4B193D2}.Debug|Any CPU.Build.0 = Debug|Any CPU
		{D3F90F6E-3250-4EC2-AC06-F6D8A4B193D2}.Release|Any CPU.ActiveCfg = Release|Any CPU
		{D3F90F6E-3250-4EC2-AC06-F6D8A4B193D2}.Release|Any CPU.Build.0 = Release|Any CPU
		{6EE1647C-5C13-4C39-81E3-4DC8554DCACC}.Debug|Any CPU.ActiveCfg = Debug
		{6EE1647C-5C13-4C39-81E3-4DC8554DCACC}.Release|Any CPU.ActiveCfg = Release
	EndGlobalSection
	GlobalSection(SolutionProperties) = preSolution
		HideSolutionNode = FALSE
	EndGlobalSection
	GlobalSection(ExtensibilityGlobals) = postSolution
		SolutionGuid = {B5C920EF-CA76-4310-9E03-09E64BB494EB}
	EndGlobalSection
EndGlobal
